{
  "requires": true,
  "lockfileVersion": 1,
  "dependencies": {
    "@types/js-cookie": {
      "version": "2.2.4",
      "resolved": "https://registry.npmjs.org/@types/js-cookie/-/js-cookie-2.2.4.tgz",
      "integrity": "sha512-WTfSE1Eauak/Nrg6cA9FgPTFvVawejsai6zXoq0QYTQ3mxONeRtGhKxa7wMlUzWWmzrmTeV+rwLjHgsCntdrsA=="
    }
  }
}
